
Microsoft Visual Studio Solution File, Format Version 12.00
# Visual Studio Version 17
VisualStudioVersion = 17.13.35931.197 d17.13
MinimumVisualStudioVersion = 10.0.40219.1
Project("{FAE04EC0-301F-11D3-BF4B-00C04F79EFBC}") = "Case1", "Case1\Case1.csproj", "{809EBE11-5888-4B2E-B4FC-9A09B209ED3C}"
EndProject
Global
	GlobalSection(SolutionConfigurationPlatforms) = preSolution
		Debug|Any CPU = Debug|Any CPU
		Release|Any CPU = Release|Any CPU
	EndGlobalSection
	GlobalSection(ProjectConfigurationPlatforms) = postSolution
		{809EBE11-5888-4B2E-B4FC-9A09B209ED3C}.Debug|Any CPU.ActiveCfg = Debug|Any CPU
		{809EBE11-5888-4B2E-B4FC-9A09B209ED3C}.Debug|Any CPU.Build.0 = Debug|Any CPU
		{809EBE11-5888-4B2E-B4FC-9A09B209ED3C}.Release|Any CPU.ActiveCfg = Release|Any CPU
		{809EBE11-5888-4B2E-B4FC-9A09B209ED3C}.Release|Any CPU.Build.0 = Release|Any CPU
	EndGlobalSection
	GlobalSection(SolutionProperties) = preSolution
		HideSolutionNode = FALSE
	EndGlobalSection
	GlobalSection(ExtensibilityGlobals) = postSolution
		SolutionGuid = {54EE59DF-AA62-4535-ABB3-A44F0910A4FC}
	EndGlobalSection
EndGlobal
