
Microsoft Visual Studio Solution File, Format Version 12.00
# Visual Studio Version 17
VisualStudioVersion = 17.13.35931.197 d17.13
MinimumVisualStudioVersion = 10.0.40219.1
Project("{FAE04EC0-301F-11D3-BF4B-00C04F79EFBC}") = "Practico5 Ej11", "Practico5 Ej11\Practico5 Ej11.csproj", "{8E9BA5D2-69EA-4DA7-BDEF-31E672C2674D}"
EndProject
Global
	GlobalSection(SolutionConfigurationPlatforms) = preSolution
		Debug|Any CPU = Debug|Any CPU
		Release|Any CPU = Release|Any CPU
	EndGlobalSection
	GlobalSection(ProjectConfigurationPlatforms) = postSolution
		{8E9BA5D2-69EA-4DA7-BDEF-31E672C2674D}.Debug|Any CPU.ActiveCfg = Debug|Any CPU
		{8E9BA5D2-69EA-4DA7-BDEF-31E672C2674D}.Debug|Any CPU.Build.0 = Debug|Any CPU
		{8E9BA5D2-69EA-4DA7-BDEF-31E672C2674D}.Release|Any CPU.ActiveCfg = Release|Any CPU
		{8E9BA5D2-69EA-4DA7-BDEF-31E672C2674D}.Release|Any CPU.Build.0 = Release|Any CPU
	EndGlobalSection
	GlobalSection(SolutionProperties) = preSolution
		HideSolutionNode = FALSE
	EndGlobalSection
	GlobalSection(ExtensibilityGlobals) = postSolution
		SolutionGuid = {3B012CA3-79C0-4186-BEB9-319B33CFB627}
	EndGlobalSection
EndGlobal
