
Microsoft Visual Studio Solution File, Format Version 12.00
# Visual Studio Version 17
VisualStudioVersion = 17.13.35913.81 d17.13
MinimumVisualStudioVersion = 10.0.40219.1
Project("{FAE04EC0-301F-11D3-BF4B-00C04F79EFBC}") = "Practico 3 Ej1e", "Practico 3 Ej1e\Practico 3 Ej1e.csproj", "{6180B810-F2EF-4C7B-B2AF-899779B6784A}"
EndProject
Global
	GlobalSection(SolutionConfigurationPlatforms) = preSolution
		Debug|Any CPU = Debug|Any CPU
		Release|Any CPU = Release|Any CPU
	EndGlobalSection
	GlobalSection(ProjectConfigurationPlatforms) = postSolution
		{6180B810-F2EF-4C7B-B2AF-899779B6784A}.Debug|Any CPU.ActiveCfg = Debug|Any CPU
		{6180B810-F2EF-4C7B-B2AF-899779B6784A}.Debug|Any CPU.Build.0 = Debug|Any CPU
		{6180B810-F2EF-4C7B-B2AF-899779B6784A}.Release|Any CPU.ActiveCfg = Release|Any CPU
		{6180B810-F2EF-4C7B-B2AF-899779B6784A}.Release|Any CPU.Build.0 = Release|Any CPU
	EndGlobalSection
	GlobalSection(SolutionProperties) = preSolution
		HideSolutionNode = FALSE
	EndGlobalSection
	GlobalSection(ExtensibilityGlobals) = postSolution
		SolutionGuid = {F9E3EEBF-3A87-42E6-9448-8E8D269C7E6F}
	EndGlobalSection
EndGlobal
