
Microsoft Visual Studio Solution File, Format Version 12.00
# Visual Studio Version 17
VisualStudioVersion = 17.13.35931.197 d17.13
MinimumVisualStudioVersion = 10.0.40219.1
Project("{FAE04EC0-301F-11D3-BF4B-00C04F79EFBC}") = "PromedioNumero", "PromedioNumero\PromedioNumero.csproj", "{B377B174-6A3E-4305-98CD-7A4597E5C559}"
EndProject
Global
	GlobalSection(SolutionConfigurationPlatforms) = preSolution
		Debug|Any CPU = Debug|Any CPU
		Release|Any CPU = Release|Any CPU
	EndGlobalSection
	GlobalSection(ProjectConfigurationPlatforms) = postSolution
		{B377B174-6A3E-4305-98CD-7A4597E5C559}.Debug|Any CPU.ActiveCfg = Debug|Any CPU
		{B377B174-6A3E-4305-98CD-7A4597E5C559}.Debug|Any CPU.Build.0 = Debug|Any CPU
		{B377B174-6A3E-4305-98CD-7A4597E5C559}.Release|Any CPU.ActiveCfg = Release|Any CPU
		{B377B174-6A3E-4305-98CD-7A4597E5C559}.Release|Any CPU.Build.0 = Release|Any CPU
	EndGlobalSection
	GlobalSection(SolutionProperties) = preSolution
		HideSolutionNode = FALSE
	EndGlobalSection
	GlobalSection(ExtensibilityGlobals) = postSolution
		SolutionGuid = {31211AB6-FB87-4422-8F71-7F607A02EF87}
	EndGlobalSection
EndGlobal
