
Microsoft Visual Studio Solution File, Format Version 12.00
# Visual Studio Version 17
VisualStudioVersion = 17.13.35913.81 d17.13
MinimumVisualStudioVersion = 10.0.40219.1
Project("{FAE04EC0-301F-11D3-BF4B-00C04F79EFBC}") = "Practico1 Ej10", "Practico1 Ej10\Practico1 Ej10.csproj", "{EBE2B56D-031B-408B-AE4D-EBBDDDC95E6C}"
EndProject
Global
	GlobalSection(SolutionConfigurationPlatforms) = preSolution
		Debug|Any CPU = Debug|Any CPU
		Release|Any CPU = Release|Any CPU
	EndGlobalSection
	GlobalSection(ProjectConfigurationPlatforms) = postSolution
		{EBE2B56D-031B-408B-AE4D-EBBDDDC95E6C}.Debug|Any CPU.ActiveCfg = Debug|Any CPU
		{EBE2B56D-031B-408B-AE4D-EBBDDDC95E6C}.Debug|Any CPU.Build.0 = Debug|Any CPU
		{EBE2B56D-031B-408B-AE4D-EBBDDDC95E6C}.Release|Any CPU.ActiveCfg = Release|Any CPU
		{EBE2B56D-031B-408B-AE4D-EBBDDDC95E6C}.Release|Any CPU.Build.0 = Release|Any CPU
	EndGlobalSection
	GlobalSection(SolutionProperties) = preSolution
		HideSolutionNode = FALSE
	EndGlobalSection
	GlobalSection(ExtensibilityGlobals) = postSolution
		SolutionGuid = {1CA24AB0-4C34-4A73-9E5E-5B8CFD79BA81}
	EndGlobalSection
EndGlobal
