
Microsoft Visual Studio Solution File, Format Version 12.00
# Visual Studio Version 17
VisualStudioVersion = 17.13.35931.197 d17.13
MinimumVisualStudioVersion = 10.0.40219.1
Project("{FAE04EC0-301F-11D3-BF4B-00C04F79EFBC}") = "Practico4Ej6", "Practico4Ej6\Practico4Ej6.csproj", "{0BA2F34F-07CB-4B24-B1C4-2593754D96B7}"
EndProject
Global
	GlobalSection(SolutionConfigurationPlatforms) = preSolution
		Debug|Any CPU = Debug|Any CPU
		Release|Any CPU = Release|Any CPU
	EndGlobalSection
	GlobalSection(ProjectConfigurationPlatforms) = postSolution
		{0BA2F34F-07CB-4B24-B1C4-2593754D96B7}.Debug|Any CPU.ActiveCfg = Debug|Any CPU
		{0BA2F34F-07CB-4B24-B1C4-2593754D96B7}.Debug|Any CPU.Build.0 = Debug|Any CPU
		{0BA2F34F-07CB-4B24-B1C4-2593754D96B7}.Release|Any CPU.ActiveCfg = Release|Any CPU
		{0BA2F34F-07CB-4B24-B1C4-2593754D96B7}.Release|Any CPU.Build.0 = Release|Any CPU
	EndGlobalSection
	GlobalSection(SolutionProperties) = preSolution
		HideSolutionNode = FALSE
	EndGlobalSection
	GlobalSection(ExtensibilityGlobals) = postSolution
		SolutionGuid = {1D673E50-22E1-4C1B-A82D-DB04F26B39A5}
	EndGlobalSection
EndGlobal
