
Microsoft Visual Studio Solution File, Format Version 12.00
# Visual Studio Version 17
VisualStudioVersion = 17.13.35913.81 d17.13
MinimumVisualStudioVersion = 10.0.40219.1
Project("{FAE04EC0-301F-11D3-BF4B-00C04F79EFBC}") = "Practico1 Ej6", "Practico1 Ej6\Practico1 Ej6.csproj", "{4BCDAA08-4AED-490B-9F34-D85F87BCCB99}"
EndProject
Global
	GlobalSection(SolutionConfigurationPlatforms) = preSolution
		Debug|Any CPU = Debug|Any CPU
		Release|Any CPU = Release|Any CPU
	EndGlobalSection
	GlobalSection(ProjectConfigurationPlatforms) = postSolution
		{4BCDAA08-4AED-490B-9F34-D85F87BCCB99}.Debug|Any CPU.ActiveCfg = Debug|Any CPU
		{4BCDAA08-4AED-490B-9F34-D85F87BCCB99}.Debug|Any CPU.Build.0 = Debug|Any CPU
		{4BCDAA08-4AED-490B-9F34-D85F87BCCB99}.Release|Any CPU.ActiveCfg = Release|Any CPU
		{4BCDAA08-4AED-490B-9F34-D85F87BCCB99}.Release|Any CPU.Build.0 = Release|Any CPU
	EndGlobalSection
	GlobalSection(SolutionProperties) = preSolution
		HideSolutionNode = FALSE
	EndGlobalSection
	GlobalSection(ExtensibilityGlobals) = postSolution
		SolutionGuid = {8FFEBEC4-1540-4872-9E03-7EC180F25420}
	EndGlobalSection
EndGlobal
