
Microsoft Visual Studio Solution File, Format Version 12.00
# Visual Studio Version 17
VisualStudioVersion = 17.13.35931.197 d17.13
MinimumVisualStudioVersion = 10.0.40219.1
Project("{FAE04EC0-301F-11D3-BF4B-00C04F79EFBC}") = "Secuencia5N", "Secuencia5N\Secuencia5N.csproj", "{5B80DBC7-B846-4C5E-AEC3-FD73148A4860}"
EndProject
Global
	GlobalSection(SolutionConfigurationPlatforms) = preSolution
		Debug|Any CPU = Debug|Any CPU
		Release|Any CPU = Release|Any CPU
	EndGlobalSection
	GlobalSection(ProjectConfigurationPlatforms) = postSolution
		{5B80DBC7-B846-4C5E-AEC3-FD73148A4860}.Debug|Any CPU.ActiveCfg = Debug|Any CPU
		{5B80DBC7-B846-4C5E-AEC3-FD73148A4860}.Debug|Any CPU.Build.0 = Debug|Any CPU
		{5B80DBC7-B846-4C5E-AEC3-FD73148A4860}.Release|Any CPU.ActiveCfg = Release|Any CPU
		{5B80DBC7-B846-4C5E-AEC3-FD73148A4860}.Release|Any CPU.Build.0 = Release|Any CPU
	EndGlobalSection
	GlobalSection(SolutionProperties) = preSolution
		HideSolutionNode = FALSE
	EndGlobalSection
	GlobalSection(ExtensibilityGlobals) = postSolution
		SolutionGuid = {645D392A-FA3E-491C-95AF-C26F6AE2FB26}
	EndGlobalSection
EndGlobal
