
Microsoft Visual Studio Solution File, Format Version 12.00
# Visual Studio Version 17
VisualStudioVersion = 17.13.35913.81 d17.13
MinimumVisualStudioVersion = 10.0.40219.1
Project("{FAE04EC0-301F-11D3-BF4B-00C04F79EFBC}") = "Practico3 Ej1h", "Practico3 Ej1h\Practico3 Ej1h.csproj", "{DDC56821-60D1-4116-9BD4-D5D433321EF6}"
EndProject
Global
	GlobalSection(SolutionConfigurationPlatforms) = preSolution
		Debug|Any CPU = Debug|Any CPU
		Release|Any CPU = Release|Any CPU
	EndGlobalSection
	GlobalSection(ProjectConfigurationPlatforms) = postSolution
		{DDC56821-60D1-4116-9BD4-D5D433321EF6}.Debug|Any CPU.ActiveCfg = Debug|Any CPU
		{DDC56821-60D1-4116-9BD4-D5D433321EF6}.Debug|Any CPU.Build.0 = Debug|Any CPU
		{DDC56821-60D1-4116-9BD4-D5D433321EF6}.Release|Any CPU.ActiveCfg = Release|Any CPU
		{DDC56821-60D1-4116-9BD4-D5D433321EF6}.Release|Any CPU.Build.0 = Release|Any CPU
	EndGlobalSection
	GlobalSection(SolutionProperties) = preSolution
		HideSolutionNode = FALSE
	EndGlobalSection
	GlobalSection(ExtensibilityGlobals) = postSolution
		SolutionGuid = {68B683F6-136E-4111-A03E-9DCAADA19FC6}
	EndGlobalSection
EndGlobal
