
Microsoft Visual Studio Solution File, Format Version 12.00
# Visual Studio Version 17
VisualStudioVersion = 17.13.35931.197 d17.13
MinimumVisualStudioVersion = 10.0.40219.1
Project("{FAE04EC0-301F-11D3-BF4B-00C04F79EFBC}") = "Practico4Ej12", "Practico4Ej12\Practico4Ej12.csproj", "{97A2F6D4-6814-40A6-A364-0661A605FB57}"
EndProject
Global
	GlobalSection(SolutionConfigurationPlatforms) = preSolution
		Debug|Any CPU = Debug|Any CPU
		Release|Any CPU = Release|Any CPU
	EndGlobalSection
	GlobalSection(ProjectConfigurationPlatforms) = postSolution
		{97A2F6D4-6814-40A6-A364-0661A605FB57}.Debug|Any CPU.ActiveCfg = Debug|Any CPU
		{97A2F6D4-6814-40A6-A364-0661A605FB57}.Debug|Any CPU.Build.0 = Debug|Any CPU
		{97A2F6D4-6814-40A6-A364-0661A605FB57}.Release|Any CPU.ActiveCfg = Release|Any CPU
		{97A2F6D4-6814-40A6-A364-0661A605FB57}.Release|Any CPU.Build.0 = Release|Any CPU
	EndGlobalSection
	GlobalSection(SolutionProperties) = preSolution
		HideSolutionNode = FALSE
	EndGlobalSection
	GlobalSection(ExtensibilityGlobals) = postSolution
		SolutionGuid = {B027B645-3014-4DCB-808E-94B46C4619CE}
	EndGlobalSection
EndGlobal
