
Microsoft Visual Studio Solution File, Format Version 12.00
# Visual Studio Version 17
VisualStudioVersion = 17.13.35931.197 d17.13
MinimumVisualStudioVersion = 10.0.40219.1
Project("{FAE04EC0-301F-11D3-BF4B-00C04F79EFBC}") = "SumarDigitosN", "SumarDigitosN\SumarDigitosN.csproj", "{2C14C09D-DF49-4E38-92EA-8CE07BB11215}"
EndProject
Global
	GlobalSection(SolutionConfigurationPlatforms) = preSolution
		Debug|Any CPU = Debug|Any CPU
		Release|Any CPU = Release|Any CPU
	EndGlobalSection
	GlobalSection(ProjectConfigurationPlatforms) = postSolution
		{2C14C09D-DF49-4E38-92EA-8CE07BB11215}.Debug|Any CPU.ActiveCfg = Debug|Any CPU
		{2C14C09D-DF49-4E38-92EA-8CE07BB11215}.Debug|Any CPU.Build.0 = Debug|Any CPU
		{2C14C09D-DF49-4E38-92EA-8CE07BB11215}.Release|Any CPU.ActiveCfg = Release|Any CPU
		{2C14C09D-DF49-4E38-92EA-8CE07BB11215}.Release|Any CPU.Build.0 = Release|Any CPU
	EndGlobalSection
	GlobalSection(SolutionProperties) = preSolution
		HideSolutionNode = FALSE
	EndGlobalSection
	GlobalSection(ExtensibilityGlobals) = postSolution
		SolutionGuid = {59AC68EA-6B83-4FDE-BA0A-C2172AC98438}
	EndGlobalSection
EndGlobal
