
Microsoft Visual Studio Solution File, Format Version 12.00
# Visual Studio Version 17
VisualStudioVersion = 17.13.35913.81 d17.13
MinimumVisualStudioVersion = 10.0.40219.1
Project("{FAE04EC0-301F-11D3-BF4B-00C04F79EFBC}") = "Practico1 Ej5", "Practico1 Ej5\Practico1 Ej5.csproj", "{B2412E4E-35A0-423B-8695-B0A24327229F}"
EndProject
Global
	GlobalSection(SolutionConfigurationPlatforms) = preSolution
		Debug|Any CPU = Debug|Any CPU
		Release|Any CPU = Release|Any CPU
	EndGlobalSection
	GlobalSection(ProjectConfigurationPlatforms) = postSolution
		{B2412E4E-35A0-423B-8695-B0A24327229F}.Debug|Any CPU.ActiveCfg = Debug|Any CPU
		{B2412E4E-35A0-423B-8695-B0A24327229F}.Debug|Any CPU.Build.0 = Debug|Any CPU
		{B2412E4E-35A0-423B-8695-B0A24327229F}.Release|Any CPU.ActiveCfg = Release|Any CPU
		{B2412E4E-35A0-423B-8695-B0A24327229F}.Release|Any CPU.Build.0 = Release|Any CPU
	EndGlobalSection
	GlobalSection(SolutionProperties) = preSolution
		HideSolutionNode = FALSE
	EndGlobalSection
	GlobalSection(ExtensibilityGlobals) = postSolution
		SolutionGuid = {D0DA8C52-CF39-4307-8F2D-E7570B6AD582}
	EndGlobalSection
EndGlobal
