
Microsoft Visual Studio Solution File, Format Version 12.00
# Visual Studio Version 17
VisualStudioVersion = 17.13.35931.197 d17.13
MinimumVisualStudioVersion = 10.0.40219.1
Project("{FAE04EC0-301F-11D3-BF4B-00C04F79EFBC}") = "EsCapicua", "EsCapicua\EsCapicua.csproj", "{36C37991-EDDC-47F2-A9C7-BDAB14A626AD}"
EndProject
Global
	GlobalSection(SolutionConfigurationPlatforms) = preSolution
		Debug|Any CPU = Debug|Any CPU
		Release|Any CPU = Release|Any CPU
	EndGlobalSection
	GlobalSection(ProjectConfigurationPlatforms) = postSolution
		{36C37991-EDDC-47F2-A9C7-BDAB14A626AD}.Debug|Any CPU.ActiveCfg = Debug|Any CPU
		{36C37991-EDDC-47F2-A9C7-BDAB14A626AD}.Debug|Any CPU.Build.0 = Debug|Any CPU
		{36C37991-EDDC-47F2-A9C7-BDAB14A626AD}.Release|Any CPU.ActiveCfg = Release|Any CPU
		{36C37991-EDDC-47F2-A9C7-BDAB14A626AD}.Release|Any CPU.Build.0 = Release|Any CPU
	EndGlobalSection
	GlobalSection(SolutionProperties) = preSolution
		HideSolutionNode = FALSE
	EndGlobalSection
	GlobalSection(ExtensibilityGlobals) = postSolution
		SolutionGuid = {66CF510A-7AA1-4E47-88C8-D546A4A86789}
	EndGlobalSection
EndGlobal
